
Microsoft Visual Studio Solution File, Format Version 12.00
# Visual Studio 15
VisualStudioVersion = 15.0.26730.12
MinimumVisualStudioVersion = 10.0.40219.1
Project("{FAE04EC0-301F-11D3-BF4B-00C04F79EFBC}") = "P4 Project", "P4 Project\P4 Project.csproj", "{93AB248B-8C1B-403E-9FAA-23EBC916EE61}"
EndProject
Project("{FAE04EC0-301F-11D3-BF4B-00C04F79EFBC}") = "P4 ProjectTests", "P4 ProjectTests1\P4 ProjectTests.csproj", "{466156B2-B7E6-46EF-A234-9554D142BCA8}"
EndProject
Global
	GlobalSection(SolutionConfigurationPlatforms) = preSolution
		Debug|Any CPU = Debug|Any CPU
		Release|Any CPU = Release|Any CPU
	EndGlobalSection
	GlobalSection(ProjectConfigurationPlatforms) = postSolution
		{93AB248B-8C1B-403E-9FAA-23EBC916EE61}.Debug|Any CPU.ActiveCfg = Debug|Any CPU
		{93AB248B-8C1B-403E-9FAA-23EBC916EE61}.Debug|Any CPU.Build.0 = Debug|Any CPU
		{93AB248B-8C1B-403E-9FAA-23EBC916EE61}.Release|Any CPU.ActiveCfg = Release|Any CPU
		{93AB248B-8C1B-403E-9FAA-23EBC916EE61}.Release|Any CPU.Build.0 = Release|Any CPU
		{466156B2-B7E6-46EF-A234-9554D142BCA8}.Debug|Any CPU.ActiveCfg = Debug|Any CPU
		{466156B2-B7E6-46EF-A234-9554D142BCA8}.Debug|Any CPU.Build.0 = Debug|Any CPU
		{466156B2-B7E6-46EF-A234-9554D142BCA8}.Release|Any CPU.ActiveCfg = Release|Any CPU
		{466156B2-B7E6-46EF-A234-9554D142BCA8}.Release|Any CPU.Build.0 = Release|Any CPU
	EndGlobalSection
	GlobalSection(SolutionProperties) = preSolution
		HideSolutionNode = FALSE
	EndGlobalSection
	GlobalSection(ExtensibilityGlobals) = postSolution
		SolutionGuid = {3E10E6D4-8A85-4325-BB4E-D5082E4F7797}
	EndGlobalSection
EndGlobal
